<?xml version="1.0" encoding="UTF-8"?>
<Scheme
   LastUpgradeVersion = "1520"
   version = "1.7">
   <BuildAction
      parallelizeBuildables = "YES"
      buildImplicitDependencies = "YES">
      <BuildActionEntries>
         <BuildActionEntry
            buildForTesting = "YES"
            buildForRunning = "YES"
            buildForProfiling = "YES"
            buildForArchiving = "YES"
            buildForAnalyzing = "YES">
            <BuildableReference
               BuildableIdentifier = "primary"
               BlueprintIdentifier = "3BA9AD9E2B3BDF580048D986"
               BuildableName = "RandomDine.app"
               BlueprintName = "RandomDine"
               ReferencedContainer = "container:RandomDine.xcodeproj">
            </BuildableReference>
         </BuildActionEntry>
      </BuildActionEntries>
   </BuildAction>
   <TestAction
      buildConfiguration = "Debug"
      selectedDebuggerIdentifier = "Xcode.DebuggerFoundation.Debugger.LLDB"
      selectedLauncherIdentifier = "Xcode.DebuggerFoundation.Launcher.LLDB"
      shouldUseLaunchSchemeArgsEnv = "YES"
      shouldAutocreateTestPlan = "YES">
   </TestAction>
   <LaunchAction
      buildConfiguration = "Debug"
      selectedDebuggerIdentifier = "Xcode.DebuggerFoundation.Debugger.LLDB"
      selectedLauncherIdentifier = "Xcode.DebuggerFoundation.Launcher.LLDB"
      launchStyle = "0"
      useCustomWorkingDirectory = "NO"
      ignoresPersistentStateOnLaunch = "NO"
      debugDocumentVersioning = "YES"
      debugServiceExtension = "internal"
      allowLocationSimulation = "YES">
      <BuildableProductRunnable
         runnableDebuggingMode = "0">
         <BuildableReference
            BuildableIdentifier = "primary"
            BlueprintIdentifier = "3BA9AD9E2B3BDF580048D986"
            BuildableName = "RandomDine.app"
            BlueprintName = "RandomDine"
            ReferencedContainer = "container:RandomDine.xcodeproj">
         </BuildableReference>
      </BuildableProductRunnable>
      <EnvironmentVariables>
         <EnvironmentVariable
            key = "KAKAO_RESTAPI_AUTH_METHOD"
            value = "KakaoAK"
            isEnabled = "YES">
         </EnvironmentVariable>
         <EnvironmentVariable
            key = "KAKAO_REST_API_KEY"
            value = "8b9d47e3885b0f2e06fac729842fc127"
            isEnabled = "YES">
         </EnvironmentVariable>
         <EnvironmentVariable
            key = "KAKAO_PHAS"
            value = "beta"
            isEnabled = "YES">
         </EnvironmentVariable>
         <EnvironmentVariable
            key = "KAKAO_APP_KEY"
            value = "eca26b04e01cbca507c6327c0af4cdcb"
            isEnabled = "YES">
         </EnvironmentVariable>
         <EnvironmentVariable
            key = "KAKAO_API_URL"
            value = "https://dapi.kakao.com/v2"
            isEnabled = "YES">
         </EnvironmentVariable>
      </EnvironmentVariables>
   </LaunchAction>
   <ProfileAction
      buildConfiguration = "Release"
      shouldUseLaunchSchemeArgsEnv = "YES"
      savedToolIdentifier = ""
      useCustomWorkingDirectory = "NO"
      debugDocumentVersioning = "YES">
      <BuildableProductRunnable
         runnableDebuggingMode = "0">
         <BuildableReference
            BuildableIdentifier = "primary"
            BlueprintIdentifier = "3BA9AD9E2B3BDF580048D986"
            BuildableName = "RandomDine.app"
            BlueprintName = "RandomDine"
            ReferencedContainer = "container:RandomDine.xcodeproj">
         </BuildableReference>
      </BuildableProductRunnable>
   </ProfileAction>
   <AnalyzeAction
      buildConfiguration = "Debug">
   </AnalyzeAction>
   <ArchiveAction
      buildConfiguration = "Release"
      revealArchiveInOrganizer = "YES">
   </ArchiveAction>
</Scheme>
